
Microsoft Visual Studio Solution File, Format Version 12.00
# Visual Studio Version 17
VisualStudioVersion = 17.7.34221.43
MinimumVisualStudioVersion = 10.0.40219.1
Project("{FAE04EC0-301F-11D3-BF4B-00C04F79EFBC}") = "QuanLiKyTucXa", "QuanLiKyTucXa.csproj", "{DCB22B4D-1F6A-4E99-9AA7-AB2DC5EB7530}"
EndProject
Global
	GlobalSection(SolutionConfigurationPlatforms) = preSolution
		Debug|Any CPU = Debug|Any CPU
		Release|Any CPU = Release|Any CPU
	EndGlobalSection
	GlobalSection(ProjectConfigurationPlatforms) = postSolution
		{DCB22B4D-1F6A-4E99-9AA7-AB2DC5EB7530}.Debug|Any CPU.ActiveCfg = Debug|Any CPU
		{DCB22B4D-1F6A-4E99-9AA7-AB2DC5EB7530}.Debug|Any CPU.Build.0 = Debug|Any CPU
		{DCB22B4D-1F6A-4E99-9AA7-AB2DC5EB7530}.Release|Any CPU.ActiveCfg = Release|Any CPU
		{DCB22B4D-1F6A-4E99-9AA7-AB2DC5EB7530}.Release|Any CPU.Build.0 = Release|Any CPU
	EndGlobalSection
	GlobalSection(SolutionProperties) = preSolution
		HideSolutionNode = FALSE
	EndGlobalSection
	GlobalSection(ExtensibilityGlobals) = postSolution
		SolutionGuid = {22DB81FD-6606-4002-AC58-8C7B6E20A51A}
	EndGlobalSection
EndGlobal
